
Microsoft Visual Studio Solution File, Format Version 12.00
# Visual Studio Version 16
VisualStudioVersion = 16.0.31624.102
MinimumVisualStudioVersion = 10.0.40219.1
Project("{FAE04EC0-301F-11D3-BF4B-00C04F79EFBC}") = "Area5175_31052022", "Area5175_31052022\Area5175_31052022.csproj", "{AD1C57C8-7FE2-46DF-91F1-661561F6C96A}"
EndProject
Global
	GlobalSection(SolutionConfigurationPlatforms) = preSolution
		Debug|Any CPU = Debug|Any CPU
		Release|Any CPU = Release|Any CPU
	EndGlobalSection
	GlobalSection(ProjectConfigurationPlatforms) = postSolution
		{AD1C57C8-7FE2-46DF-91F1-661561F6C96A}.Debug|Any CPU.ActiveCfg = Debug|Any CPU
		{AD1C57C8-7FE2-46DF-91F1-661561F6C96A}.Debug|Any CPU.Build.0 = Debug|Any CPU
		{AD1C57C8-7FE2-46DF-91F1-661561F6C96A}.Release|Any CPU.ActiveCfg = Release|Any CPU
		{AD1C57C8-7FE2-46DF-91F1-661561F6C96A}.Release|Any CPU.Build.0 = Release|Any CPU
	EndGlobalSection
	GlobalSection(SolutionProperties) = preSolution
		HideSolutionNode = FALSE
	EndGlobalSection
	GlobalSection(ExtensibilityGlobals) = postSolution
		SolutionGuid = {DBF063EE-5F57-4CF5-B788-9F37DE7556A6}
	EndGlobalSection
EndGlobal
